# This file is automatically @generated by Cargo.
# It is not intended for manual editing.
[[package]]
name = "fs-err"
version = "2.5.0"
source = "registry+https://github.com/rust-lang/crates.io-index"
checksum = "bcd1163ae48bda72a20ae26d66a04d3094135cadab911cff418ae5e33f253431"

[[package]]
name = "rmc"
version = "0.1.2"
dependencies = [
 "fs-err",
]
